
Microsoft Visual Studio Solution File, Format Version 12.00
# Visual Studio Version 17
VisualStudioVersion = 17.0.32112.339
MinimumVisualStudioVersion = 10.0.40219.1
Project("{9A19103F-16F7-4668-BE54-9A1E7A4F7556}") = "Squares", "Squares\Squares.csproj", "{ADA0BAF7-366C-472D-9076-8FAE1E325125}"
EndProject
Project("{FAE04EC0-301F-11D3-BF4B-00C04F79EFBC}") = "SquaresTests", "SquaresTests\SquaresTests.csproj", "{FCC62A36-1563-4E48-88AE-8B9BA8BC9148}"
EndProject
Global
	GlobalSection(SolutionConfigurationPlatforms) = preSolution
		Debug|Any CPU = Debug|Any CPU
		Release|Any CPU = Release|Any CPU
	EndGlobalSection
	GlobalSection(ProjectConfigurationPlatforms) = postSolution
		{ADA0BAF7-366C-472D-9076-8FAE1E325125}.Debug|Any CPU.ActiveCfg = Debug|Any CPU
		{ADA0BAF7-366C-472D-9076-8FAE1E325125}.Debug|Any CPU.Build.0 = Debug|Any CPU
		{ADA0BAF7-366C-472D-9076-8FAE1E325125}.Release|Any CPU.ActiveCfg = Release|Any CPU
		{ADA0BAF7-366C-472D-9076-8FAE1E325125}.Release|Any CPU.Build.0 = Release|Any CPU
		{FCC62A36-1563-4E48-88AE-8B9BA8BC9148}.Debug|Any CPU.ActiveCfg = Debug|Any CPU
		{FCC62A36-1563-4E48-88AE-8B9BA8BC9148}.Debug|Any CPU.Build.0 = Debug|Any CPU
		{FCC62A36-1563-4E48-88AE-8B9BA8BC9148}.Release|Any CPU.ActiveCfg = Release|Any CPU
		{FCC62A36-1563-4E48-88AE-8B9BA8BC9148}.Release|Any CPU.Build.0 = Release|Any CPU
	EndGlobalSection
	GlobalSection(SolutionProperties) = preSolution
		HideSolutionNode = FALSE
	EndGlobalSection
	GlobalSection(ExtensibilityGlobals) = postSolution
		SolutionGuid = {DB06922C-D514-4063-9CC7-D7D220C48732}
	EndGlobalSection
EndGlobal
